// !$*UTF8*$!
{
	archiveVersion = 1;
	classes = {
	};
	objectVersion = 77;
	objects = {

/* Begin PBXBuildFile section */
		D943572A2D78BAA7007107D7 /* ARCL in Frameworks */ = {isa = PBXBuildFile; productRef = D94357292D78BAA7007107D7 /* ARCL */; };
/* End PBXBuildFile section */

/* Begin PBXContainerItemProxy section */
		D94356E62D5A8D33007107D7 /* PBXContainerItemProxy */ = {
			isa = PBXContainerItemProxy;
			containerPortal = D94356CD2D5A8D31007107D7 /* Project object */;
			proxyType = 1;
			remoteGlobalIDString = D94356D42D5A8D31007107D7;
			remoteInfo = CampusInduction;
		};
		D94356F02D5A8D33007107D7 /* PBXContainerItemProxy */ = {
			isa = PBXContainerItemProxy;
			containerPortal = D94356CD2D5A8D31007107D7 /* Project object */;
			proxyType = 1;
			remoteGlobalIDString = D94356D42D5A8D31007107D7;
			remoteInfo = CampusInduction;
		};
/* End PBXContainerItemProxy section */

/* Begin PBXFileReference section */
		D94356D52D5A8D31007107D7 /* CampusInduction.app */ = {isa = PBXFileReference; explicitFileType = wrapper.application; includeInIndex = 0; path = CampusInduction.app; sourceTree = BUILT_PRODUCTS_DIR; };
		D94356E52D5A8D33007107D7 /* CampusInductionTests.xctest */ = {isa = PBXFileReference; explicitFileType = wrapper.cfbundle; includeInIndex = 0; path = CampusInductionTests.xctest; sourceTree = BUILT_PRODUCTS_DIR; };
		D94356EF2D5A8D33007107D7 /* CampusInductionUITests.xctest */ = {isa = PBXFileReference; explicitFileType = wrapper.cfbundle; includeInIndex = 0; path = CampusInductionUITests.xctest; sourceTree = BUILT_PRODUCTS_DIR; };
/* End PBXFileReference section */

/* Begin PBXFileSystemSynchronizedBuildFileExceptionSet section */
		D94357032D5A8D96007107D7 /* Exceptions for "CampusInduction" folder in "CampusInduction" target */ = {
			isa = PBXFileSystemSynchronizedBuildFileExceptionSet;
			membershipExceptions = (
				Info.plist,
			);
			target = D94356D42D5A8D31007107D7 /* CampusInduction */;
		};
/* End PBXFileSystemSynchronizedBuildFileExceptionSet section */

/* Begin PBXFileSystemSynchronizedRootGroup section */
		D94356D72D5A8D31007107D7 /* CampusInduction */ = {
			isa = PBXFileSystemSynchronizedRootGroup;
			exceptions = (
				D94357032D5A8D96007107D7 /* Exceptions for "CampusInduction" folder in "CampusInduction" target */,
			);
			path = CampusInduction;
			sourceTree = "<group>";
		};
		D94356E82D5A8D33007107D7 /* CampusInductionTests */ = {
			isa = PBXFileSystemSynchronizedRootGroup;
			path = CampusInductionTests;
			sourceTree = "<group>";
		};
		D94356F22D5A8D33007107D7 /* CampusInductionUITests */ = {
			isa = PBXFileSystemSynchronizedRootGroup;
			path = CampusInductionUITests;
			sourceTree = "<group>";
		};
/* End PBXFileSystemSynchronizedRootGroup section */

/* Begin PBXFrameworksBuildPhase section */
		D94356D22D5A8D31007107D7 /* Frameworks */ = {
			isa = PBXFrameworksBuildPhase;
			buildActionMask = 2147483647;
			files = (
				D943572A2D78BAA7007107D7 /* ARCL in Frameworks */,
			);
			runOnlyForDeploymentPostprocessing = 0;
		};
		D94356E22D5A8D33007107D7 /* Frameworks */ = {
			isa = PBXFrameworksBuildPhase;
			buildActionMask = 2147483647;
			files = (
			);
			runOnlyForDeploymentPostprocessing = 0;
		};
		D94356EC2D5A8D33007107D7 /* Frameworks */ = {
			isa = PBXFrameworksBuildPhase;
			buildActionMask = 2147483647;
			files = (
			);
			runOnlyForDeploymentPostprocessing = 0;
		};
/* End PBXFrameworksBuildPhase section */

/* Begin PBXGroup section */
		D94356CC2D5A8D31007107D7 = {
			isa = PBXGroup;
			children = (
				D94356D72D5A8D31007107D7 /* CampusInduction */,
				D94356E82D5A8D33007107D7 /* CampusInductionTests */,
				D94356F22D5A8D33007107D7 /* CampusInductionUITests */,
				D94356D62D5A8D31007107D7 /* Products */,
			);
			sourceTree = "<group>";
		};
		D94356D62D5A8D31007107D7 /* Products */ = {
			isa = PBXGroup;
			children = (
				D94356D52D5A8D31007107D7 /* CampusInduction.app */,
				D94356E52D5A8D33007107D7 /* CampusInductionTests.xctest */,
				D94356EF2D5A8D33007107D7 /* CampusInductionUITests.xctest */,
			);
			name = Products;
			sourceTree = "<group>";
		};
/* End PBXGroup section */

/* Begin PBXNativeTarget section */
		D94356D42D5A8D31007107D7 /* CampusInduction */ = {
			isa = PBXNativeTarget;
			buildConfigurationList = D94356F92D5A8D33007107D7 /* Build configuration list for PBXNativeTarget "CampusInduction" */;
			buildPhases = (
				D94356D12D5A8D31007107D7 /* Sources */,
				D94356D22D5A8D31007107D7 /* Frameworks */,
				D94356D32D5A8D31007107D7 /* Resources */,
			);
			buildRules = (
			);
			dependencies = (
			);
			fileSystemSynchronizedGroups = (
				D94356D72D5A8D31007107D7 /* CampusInduction */,
			);
			name = CampusInduction;
			packageProductDependencies = (
				D94357292D78BAA7007107D7 /* ARCL */,
			);
			productName = CampusInduction;
			productReference = D94356D52D5A8D31007107D7 /* CampusInduction.app */;
			productType = "com.apple.product-type.application";
		};
		D94356E42D5A8D33007107D7 /* CampusInductionTests */ = {
			isa = PBXNativeTarget;
			buildConfigurationList = D94356FC2D5A8D33007107D7 /* Build configuration list for PBXNativeTarget "CampusInductionTests" */;
			buildPhases = (
				D94356E12D5A8D33007107D7 /* Sources */,
				D94356E22D5A8D33007107D7 /* Frameworks */,
				D94356E32D5A8D33007107D7 /* Resources */,
			);
			buildRules = (
			);
			dependencies = (
				D94356E72D5A8D33007107D7 /* PBXTargetDependency */,
			);
			fileSystemSynchronizedGroups = (
				D94356E82D5A8D33007107D7 /* CampusInductionTests */,
			);
			name = CampusInductionTests;
			packageProductDependencies = (
			);
			productName = CampusInductionTests;
			productReference = D94356E52D5A8D33007107D7 /* CampusInductionTests.xctest */;
			productType = "com.apple.product-type.bundle.unit-test";
		};
		D94356EE2D5A8D33007107D7 /* CampusInductionUITests */ = {
			isa = PBXNativeTarget;
			buildConfigurationList = D94356FF2D5A8D33007107D7 /* Build configuration list for PBXNativeTarget "CampusInductionUITests" */;
			buildPhases = (
				D94356EB2D5A8D33007107D7 /* Sources */,
				D94356EC2D5A8D33007107D7 /* Frameworks */,
				D94356ED2D5A8D33007107D7 /* Resources */,
			);
			buildRules = (
			);
			dependencies = (
				D94356F12D5A8D33007107D7 /* PBXTargetDependency */,
			);
			fileSystemSynchronizedGroups = (
				D94356F22D5A8D33007107D7 /* CampusInductionUITests */,
			);
			name = CampusInductionUITests;
			packageProductDependencies = (
			);
			productName = CampusInductionUITests;
			productReference = D94356EF2D5A8D33007107D7 /* CampusInductionUITests.xctest */;
			productType = "com.apple.product-type.bundle.ui-testing";
		};
/* End PBXNativeTarget section */

/* Begin PBXProject section */
		D94356CD2D5A8D31007107D7 /* Project object */ = {
			isa = PBXProject;
			attributes = {
				BuildIndependentTargetsInParallel = 1;
				LastSwiftUpdateCheck = 1620;
				LastUpgradeCheck = 1620;
				TargetAttributes = {
					D94356D42D5A8D31007107D7 = {
						CreatedOnToolsVersion = 16.2;
					};
					D94356E42D5A8D33007107D7 = {
						CreatedOnToolsVersion = 16.2;
						TestTargetID = D94356D42D5A8D31007107D7;
					};
					D94356EE2D5A8D33007107D7 = {
						CreatedOnToolsVersion = 16.2;
						TestTargetID = D94356D42D5A8D31007107D7;
					};
				};
			};
			buildConfigurationList = D94356D02D5A8D31007107D7 /* Build configuration list for PBXProject "CampusInduction" */;
			developmentRegion = en;
			hasScannedForEncodings = 0;
			knownRegions = (
				en,
				Base,
			);
			mainGroup = D94356CC2D5A8D31007107D7;
			minimizedProjectReferenceProxies = 1;
			packageReferences = (
				D94357282D78BAA7007107D7 /* XCRemoteSwiftPackageReference "ARKit-CoreLocation" */,
			);
			preferredProjectObjectVersion = 77;
			productRefGroup = D94356D62D5A8D31007107D7 /* Products */;
			projectDirPath = "";
			projectRoot = "";
			targets = (
				D94356D42D5A8D31007107D7 /* CampusInduction */,
				D94356E42D5A8D33007107D7 /* CampusInductionTests */,
				D94356EE2D5A8D33007107D7 /* CampusInductionUITests */,
			);
		};
/* End PBXProject section */

/* Begin PBXResourcesBuildPhase section */
		D94356D32D5A8D31007107D7 /* Resources */ = {
			isa = PBXResourcesBuildPhase;
			buildActionMask = 2147483647;
			files = (
			);
			runOnlyForDeploymentPostprocessing = 0;
		};
		D94356E32D5A8D33007107D7 /* Resources */ = {
			isa = PBXResourcesBuildPhase;
			buildActionMask = 2147483647;
			files = (
			);
			runOnlyForDeploymentPostprocessing = 0;
		};
		D94356ED2D5A8D33007107D7 /* Resources */ = {
			isa = PBXResourcesBuildPhase;
			buildActionMask = 2147483647;
			files = (
			);
			runOnlyForDeploymentPostprocessing = 0;
		};
/* End PBXResourcesBuildPhase section */

/* Begin PBXSourcesBuildPhase section */
		D94356D12D5A8D31007107D7 /* Sources */ = {
			isa = PBXSourcesBuildPhase;
			buildActionMask = 2147483647;
			files = (
			);
			runOnlyForDeploymentPostprocessing = 0;
		};
		D94356E12D5A8D33007107D7 /* Sources */ = {
			isa = PBXSourcesBuildPhase;
			buildActionMask = 2147483647;
			files = (
			);
			runOnlyForDeploymentPostprocessing = 0;
		};
		D94356EB2D5A8D33007107D7 /* Sources */ = {
			isa = PBXSourcesBuildPhase;
			buildActionMask = 2147483647;
			files = (
			);
			runOnlyForDeploymentPostprocessing = 0;
		};
/* End PBXSourcesBuildPhase section */

/* Begin PBXTargetDependency section */
		D94356E72D5A8D33007107D7 /* PBXTargetDependency */ = {
			isa = PBXTargetDependency;
			target = D94356D42D5A8D31007107D7 /* CampusInduction */;
			targetProxy = D94356E62D5A8D33007107D7 /* PBXContainerItemProxy */;
		};
		D94356F12D5A8D33007107D7 /* PBXTargetDependency */ = {
			isa = PBXTargetDependency;
			target = D94356D42D5A8D31007107D7 /* CampusInduction */;
			targetProxy = D94356F02D5A8D33007107D7 /* PBXContainerItemProxy */;
		};
/* End PBXTargetDependency section */

/* Begin XCBuildConfiguration section */
		D94356F72D5A8D33007107D7 /* Debug */ = {
			isa = XCBuildConfiguration;
			buildSettings = {
				ALWAYS_SEARCH_USER_PATHS = NO;
				ASSETCATALOG_COMPILER_GENERATE_SWIFT_ASSET_SYMBOL_EXTENSIONS = YES;
				CLANG_ANALYZER_NONNULL = YES;
				CLANG_ANALYZER_NUMBER_OBJECT_CONVERSION = YES_AGGRESSIVE;
				CLANG_CXX_LANGUAGE_STANDARD = "gnu++20";
				CLANG_ENABLE_MODULES = YES;
				CLANG_ENABLE_OBJC_ARC = YES;
				CLANG_ENABLE_OBJC_WEAK = YES;
				CLANG_WARN_BLOCK_CAPTURE_AUTORELEASING = YES;
				CLANG_WARN_BOOL_CONVERSION = YES;
				CLANG_WARN_COMMA = YES;
				CLANG_WARN_CONSTANT_CONVERSION = YES;
				CLANG_WARN_DEPRECATED_OBJC_IMPLEMENTATIONS = YES;
				CLANG_WARN_DIRECT_OBJC_ISA_USAGE = YES_ERROR;
				CLANG_WARN_DOCUMENTATION_COMMENTS = YES;
				CLANG_WARN_EMPTY_BODY = YES;
				CLANG_WARN_ENUM_CONVERSION = YES;
				CLANG_WARN_INFINITE_RECURSION = YES;
				CLANG_WARN_INT_CONVERSION = YES;
				CLANG_WARN_NON_LITERAL_NULL_CONVERSION = YES;
				CLANG_WARN_OBJC_IMPLICIT_RETAIN_SELF = YES;
				CLANG_WARN_OBJC_LITERAL_CONVERSION = YES;
				CLANG_WARN_OBJC_ROOT_CLASS = YES_ERROR;
				CLANG_WARN_QUOTED_INCLUDE_IN_FRAMEWORK_HEADER = YES;
				CLANG_WARN_RANGE_LOOP_ANALYSIS = YES;
				CLANG_WARN_STRICT_PROTOTYPES = YES;
				CLANG_WARN_SUSPICIOUS_MOVE = YES;
				CLANG_WARN_UNGUARDED_AVAILABILITY = YES_AGGRESSIVE;
				CLANG_WARN_UNREACHABLE_CODE = YES;
				CLANG_WARN__DUPLICATE_METHOD_MATCH = YES;
				COPY_PHASE_STRIP = NO;
				DEBUG_INFORMATION_FORMAT = dwarf;
				ENABLE_STRICT_OBJC_MSGSEND = YES;
				ENABLE_TESTABILITY = YES;
				ENABLE_USER_SCRIPT_SANDBOXING = YES;
				GCC_C_LANGUAGE_STANDARD = gnu17;
				GCC_DYNAMIC_NO_PIC = NO;
				GCC_NO_COMMON_BLOCKS = YES;
				GCC_OPTIMIZATION_LEVEL = 0;
				GCC_PREPROCESSOR_DEFINITIONS = (
					"DEBUG=1",
					"$(inherited)",
				);
				GCC_WARN_64_TO_32_BIT_CONVERSION = YES;
				GCC_WARN_ABOUT_RETURN_TYPE = YES_ERROR;
				GCC_WARN_UNDECLARED_SELECTOR = YES;
				GCC_WARN_UNINITIALIZED_AUTOS = YES_AGGRESSIVE;
				GCC_WARN_UNUSED_FUNCTION = YES;
				GCC_WARN_UNUSED_VARIABLE = YES;
				IPHONEOS_DEPLOYMENT_TARGET = 18.0;
				LOCALIZATION_PREFERS_STRING_CATALOGS = YES;
				MTL_ENABLE_DEBUG_INFO = INCLUDE_SOURCE;
				MTL_FAST_MATH = YES;
				ONLY_ACTIVE_ARCH = YES;
				SDKROOT = iphoneos;
				SWIFT_ACTIVE_COMPILATION_CONDITIONS = "DEBUG $(inherited)";
				SWIFT_OPTIMIZATION_LEVEL = "-Onone";
			};
			name = Debug;
		};
		D94356F82D5A8D33007107D7 /* Release */ = {
			isa = XCBuildConfiguration;
			buildSettings = {
				ALWAYS_SEARCH_USER_PATHS = NO;
				ASSETCATALOG_COMPILER_GENERATE_SWIFT_ASSET_SYMBOL_EXTENSIONS = YES;
				CLANG_ANALYZER_NONNULL = YES;
				CLANG_ANALYZER_NUMBER_OBJECT_CONVERSION = YES_AGGRESSIVE;
				CLANG_CXX_LANGUAGE_STANDARD = "gnu++20";
				CLANG_ENABLE_MODULES = YES;
				CLANG_ENABLE_OBJC_ARC = YES;
				CLANG_ENABLE_OBJC_WEAK = YES;
				CLANG_WARN_BLOCK_CAPTURE_AUTORELEASING = YES;
				CLANG_WARN_BOOL_CONVERSION = YES;
				CLANG_WARN_COMMA = YES;
				CLANG_WARN_CONSTANT_CONVERSION = YES;
				CLANG_WARN_DEPRECATED_OBJC_IMPLEMENTATIONS = YES;
				CLANG_WARN_DIRECT_OBJC_ISA_USAGE = YES_ERROR;
				CLANG_WARN_DOCUMENTATION_COMMENTS = YES;
				CLANG_WARN_EMPTY_BODY = YES;
				CLANG_WARN_ENUM_CONVERSION = YES;
				CLANG_WARN_INFINITE_RECURSION = YES;
				CLANG_WARN_INT_CONVERSION = YES;
				CLANG_WARN_NON_LITERAL_NULL_CONVERSION = YES;
				CLANG_WARN_OBJC_IMPLICIT_RETAIN_SELF = YES;
				CLANG_WARN_OBJC_LITERAL_CONVERSION = YES;
				CLANG_WARN_OBJC_ROOT_CLASS = YES_ERROR;
				CLANG_WARN_QUOTED_INCLUDE_IN_FRAMEWORK_HEADER = YES;
				CLANG_WARN_RANGE_LOOP_ANALYSIS = YES;
				CLANG_WARN_STRICT_PROTOTYPES = YES;
				CLANG_WARN_SUSPICIOUS_MOVE = YES;
				CLANG_WARN_UNGUARDED_AVAILABILITY = YES_AGGRESSIVE;
				CLANG_WARN_UNREACHABLE_CODE = YES;
				CLANG_WARN__DUPLICATE_METHOD_MATCH = YES;
				COPY_PHASE_STRIP = NO;
				DEBUG_INFORMATION_FORMAT = "dwarf-with-dsym";
				ENABLE_NS_ASSERTIONS = NO;
				ENABLE_STRICT_OBJC_MSGSEND = YES;
				ENABLE_USER_SCRIPT_SANDBOXING = YES;
				GCC_C_LANGUAGE_STANDARD = gnu17;
				GCC_NO_COMMON_BLOCKS = YES;
				GCC_WARN_64_TO_32_BIT_CONVERSION = YES;
				GCC_WARN_ABOUT_RETURN_TYPE = YES_ERROR;
				GCC_WARN_UNDECLARED_SELECTOR = YES;
				GCC_WARN_UNINITIALIZED_AUTOS = YES_AGGRESSIVE;
				GCC_WARN_UNUSED_FUNCTION = YES;
				GCC_WARN_UNUSED_VARIABLE = YES;
				IPHONEOS_DEPLOYMENT_TARGET = 18.0;
				LOCALIZATION_PREFERS_STRING_CATALOGS = YES;
				MTL_ENABLE_DEBUG_INFO = NO;
				MTL_FAST_MATH = YES;
				SDKROOT = iphoneos;
				SWIFT_COMPILATION_MODE = wholemodule;
				VALIDATE_PRODUCT = YES;
			};
			name = Release;
		};
		D94356FA2D5A8D33007107D7 /* Debug */ = {
			isa = XCBuildConfiguration;
			buildSettings = {
				ASSETCATALOG_COMPILER_APPICON_NAME = AppIcon;
				ASSETCATALOG_COMPILER_GLOBAL_ACCENT_COLOR_NAME = AccentColor;
				CODE_SIGN_IDENTITY = "Apple Development";
				CODE_SIGN_STYLE = Automatic;
				CURRENT_PROJECT_VERSION = 1;
				DEVELOPMENT_ASSET_PATHS = "\"CampusInduction/Preview Content\"";
				DEVELOPMENT_TEAM = 5PYHA42U28;
				ENABLE_PREVIEWS = YES;
				GENERATE_INFOPLIST_FILE = YES;
				INFOPLIST_FILE = CampusInduction/Info.plist;
				INFOPLIST_KEY_UIApplicationSceneManifest_Generation = YES;
				INFOPLIST_KEY_UIApplicationSupportsIndirectInputEvents = YES;
				INFOPLIST_KEY_UILaunchScreen_Generation = YES;
				INFOPLIST_KEY_UISupportedInterfaceOrientations_iPad = "UIInterfaceOrientationPortrait UIInterfaceOrientationPortraitUpsideDown UIInterfaceOrientationLandscapeLeft UIInterfaceOrientationLandscapeRight";
				INFOPLIST_KEY_UISupportedInterfaceOrientations_iPhone = "UIInterfaceOrientationPortrait UIInterfaceOrientationLandscapeLeft UIInterfaceOrientationLandscapeRight";
				LD_RUNPATH_SEARCH_PATHS = (
					"$(inherited)",
					"@executable_path/Frameworks",
				);
				MARKETING_VERSION = 1.0;
				PRODUCT_BUNDLE_IDENTIFIER = HeriotWatt.CampusInduction;
				PRODUCT_NAME = "$(TARGET_NAME)";
				PROVISIONING_PROFILE_SPECIFIER = "";
				SWIFT_EMIT_LOC_STRINGS = YES;
				SWIFT_VERSION = 5.0;
				TARGETED_DEVICE_FAMILY = "1,2";
			};
			name = Debug;
		};
		D94356FB2D5A8D33007107D7 /* Release */ = {
			isa = XCBuildConfiguration;
			buildSettings = {
				ASSETCATALOG_COMPILER_APPICON_NAME = AppIcon;
				ASSETCATALOG_COMPILER_GLOBAL_ACCENT_COLOR_NAME = AccentColor;
				CODE_SIGN_IDENTITY = "Apple Development";
				CODE_SIGN_STYLE = Automatic;
				CURRENT_PROJECT_VERSION = 1;
				DEVELOPMENT_ASSET_PATHS = "\"CampusInduction/Preview Content\"";
				DEVELOPMENT_TEAM = 5PYHA42U28;
				ENABLE_PREVIEWS = YES;
				GENERATE_INFOPLIST_FILE = YES;
				INFOPLIST_FILE = CampusInduction/Info.plist;
				INFOPLIST_KEY_UIApplicationSceneManifest_Generation = YES;
				INFOPLIST_KEY_UIApplicationSupportsIndirectInputEvents = YES;
				INFOPLIST_KEY_UILaunchScreen_Generation = YES;
				INFOPLIST_KEY_UISupportedInterfaceOrientations_iPad = "UIInterfaceOrientationPortrait UIInterfaceOrientationPortraitUpsideDown UIInterfaceOrientationLandscapeLeft UIInterfaceOrientationLandscapeRight";
				INFOPLIST_KEY_UISupportedInterfaceOrientations_iPhone = "UIInterfaceOrientationPortrait UIInterfaceOrientationLandscapeLeft UIInterfaceOrientationLandscapeRight";
				LD_RUNPATH_SEARCH_PATHS = (
					"$(inherited)",
					"@executable_path/Frameworks",
				);
				MARKETING_VERSION = 1.0;
				PRODUCT_BUNDLE_IDENTIFIER = HeriotWatt.CampusInduction;
				PRODUCT_NAME = "$(TARGET_NAME)";
				PROVISIONING_PROFILE_SPECIFIER = "";
				SWIFT_EMIT_LOC_STRINGS = YES;
				SWIFT_VERSION = 5.0;
				TARGETED_DEVICE_FAMILY = "1,2";
			};
			name = Release;
		};
		D94356FD2D5A8D33007107D7 /* Debug */ = {
			isa = XCBuildConfiguration;
			buildSettings = {
				BUNDLE_LOADER = "$(TEST_HOST)";
				CODE_SIGN_STYLE = Automatic;
				CURRENT_PROJECT_VERSION = 1;
				DEVELOPMENT_TEAM = 5PYHA42U28;
				GENERATE_INFOPLIST_FILE = YES;
				IPHONEOS_DEPLOYMENT_TARGET = 18.2;
				MARKETING_VERSION = 1.0;
				PRODUCT_BUNDLE_IDENTIFIER = HeriotWatt.CampusInductionTests;
				PRODUCT_NAME = "$(TARGET_NAME)";
				SWIFT_EMIT_LOC_STRINGS = NO;
				SWIFT_VERSION = 5.0;
				TARGETED_DEVICE_FAMILY = "1,2";
				TEST_HOST = "$(BUILT_PRODUCTS_DIR)/CampusInduction.app/$(BUNDLE_EXECUTABLE_FOLDER_PATH)/CampusInduction";
			};
			name = Debug;
		};
		D94356FE2D5A8D33007107D7 /* Release */ = {
			isa = XCBuildConfiguration;
			buildSettings = {
				BUNDLE_LOADER = "$(TEST_HOST)";
				CODE_SIGN_STYLE = Automatic;
				CURRENT_PROJECT_VERSION = 1;
				DEVELOPMENT_TEAM = 5PYHA42U28;
				GENERATE_INFOPLIST_FILE = YES;
				IPHONEOS_DEPLOYMENT_TARGET = 18.2;
				MARKETING_VERSION = 1.0;
				PRODUCT_BUNDLE_IDENTIFIER = HeriotWatt.CampusInductionTests;
				PRODUCT_NAME = "$(TARGET_NAME)";
				SWIFT_EMIT_LOC_STRINGS = NO;
				SWIFT_VERSION = 5.0;
				TARGETED_DEVICE_FAMILY = "1,2";
				TEST_HOST = "$(BUILT_PRODUCTS_DIR)/CampusInduction.app/$(BUNDLE_EXECUTABLE_FOLDER_PATH)/CampusInduction";
			};
			name = Release;
		};
		D94357002D5A8D33007107D7 /* Debug */ = {
			isa = XCBuildConfiguration;
			buildSettings = {
				CODE_SIGN_STYLE = Automatic;
				CURRENT_PROJECT_VERSION = 1;
				DEVELOPMENT_TEAM = 5PYHA42U28;
				GENERATE_INFOPLIST_FILE = YES;
				MARKETING_VERSION = 1.0;
				PRODUCT_BUNDLE_IDENTIFIER = HeriotWatt.CampusInductionUITests;
				PRODUCT_NAME = "$(TARGET_NAME)";
				SWIFT_EMIT_LOC_STRINGS = NO;
				SWIFT_VERSION = 5.0;
				TARGETED_DEVICE_FAMILY = "1,2";
				TEST_TARGET_NAME = CampusInduction;
			};
			name = Debug;
		};
		D94357012D5A8D33007107D7 /* Release */ = {
			isa = XCBuildConfiguration;
			buildSettings = {
				CODE_SIGN_STYLE = Automatic;
				CURRENT_PROJECT_VERSION = 1;
				DEVELOPMENT_TEAM = 5PYHA42U28;
				GENERATE_INFOPLIST_FILE = YES;
				MARKETING_VERSION = 1.0;
				PRODUCT_BUNDLE_IDENTIFIER = HeriotWatt.CampusInductionUITests;
				PRODUCT_NAME = "$(TARGET_NAME)";
				SWIFT_EMIT_LOC_STRINGS = NO;
				SWIFT_VERSION = 5.0;
				TARGETED_DEVICE_FAMILY = "1,2";
				TEST_TARGET_NAME = CampusInduction;
			};
			name = Release;
		};
/* End XCBuildConfiguration section */

/* Begin XCConfigurationList section */
		D94356D02D5A8D31007107D7 /* Build configuration list for PBXProject "CampusInduction" */ = {
			isa = XCConfigurationList;
			buildConfigurations = (
				D94356F72D5A8D33007107D7 /* Debug */,
				D94356F82D5A8D33007107D7 /* Release */,
			);
			defaultConfigurationIsVisible = 0;
			defaultConfigurationName = Release;
		};
		D94356F92D5A8D33007107D7 /* Build configuration list for PBXNativeTarget "CampusInduction" */ = {
			isa = XCConfigurationList;
			buildConfigurations = (
				D94356FA2D5A8D33007107D7 /* Debug */,
				D94356FB2D5A8D33007107D7 /* Release */,
			);
			defaultConfigurationIsVisible = 0;
			defaultConfigurationName = Release;
		};
		D94356FC2D5A8D33007107D7 /* Build configuration list for PBXNativeTarget "CampusInductionTests" */ = {
			isa = XCConfigurationList;
			buildConfigurations = (
				D94356FD2D5A8D33007107D7 /* Debug */,
				D94356FE2D5A8D33007107D7 /* Release */,
			);
			defaultConfigurationIsVisible = 0;
			defaultConfigurationName = Release;
		};
		D94356FF2D5A8D33007107D7 /* Build configuration list for PBXNativeTarget "CampusInductionUITests" */ = {
			isa = XCConfigurationList;
			buildConfigurations = (
				D94357002D5A8D33007107D7 /* Debug */,
				D94357012D5A8D33007107D7 /* Release */,
			);
			defaultConfigurationIsVisible = 0;
			defaultConfigurationName = Release;
		};
/* End XCConfigurationList section */

/* Begin XCRemoteSwiftPackageReference section */
		D94357282D78BAA7007107D7 /* XCRemoteSwiftPackageReference "ARKit-CoreLocation" */ = {
			isa = XCRemoteSwiftPackageReference;
			repositoryURL = "https://github.com/ProjectDent/ARKit-CoreLocation.git";
			requirement = {
				kind = upToNextMajorVersion;
				minimumVersion = 1.3.0;
			};
		};
/* End XCRemoteSwiftPackageReference section */

/* Begin XCSwiftPackageProductDependency section */
		D94357292D78BAA7007107D7 /* ARCL */ = {
			isa = XCSwiftPackageProductDependency;
			package = D94357282D78BAA7007107D7 /* XCRemoteSwiftPackageReference "ARKit-CoreLocation" */;
			productName = ARCL;
		};
/* End XCSwiftPackageProductDependency section */
	};
	rootObject = D94356CD2D5A8D31007107D7 /* Project object */;
}
